
Microsoft Visual Studio Solution File, Format Version 12.00
# Visual Studio Version 16
VisualStudioVersion = 16.0.30128.74
MinimumVisualStudioVersion = 10.0.40219.1
Project("{9A19103F-16F7-4668-BE54-9A1E7A4F7556}") = "EfCurso", "EfCurso\EfCurso.csproj", "{8CDABACB-DB52-43D2-8B40-C4EB3D930750}"
EndProject
Global
	GlobalSection(SolutionConfigurationPlatforms) = preSolution
		Debug|Any CPU = Debug|Any CPU
		Release|Any CPU = Release|Any CPU
	EndGlobalSection
	GlobalSection(ProjectConfigurationPlatforms) = postSolution
		{8CDABACB-DB52-43D2-8B40-C4EB3D930750}.Debug|Any CPU.ActiveCfg = Debug|Any CPU
		{8CDABACB-DB52-43D2-8B40-C4EB3D930750}.Debug|Any CPU.Build.0 = Debug|Any CPU
		{8CDABACB-DB52-43D2-8B40-C4EB3D930750}.Release|Any CPU.ActiveCfg = Release|Any CPU
		{8CDABACB-DB52-43D2-8B40-C4EB3D930750}.Release|Any CPU.Build.0 = Release|Any CPU
	EndGlobalSection
	GlobalSection(SolutionProperties) = preSolution
		HideSolutionNode = FALSE
	EndGlobalSection
	GlobalSection(ExtensibilityGlobals) = postSolution
		SolutionGuid = {27D72DF5-68C2-4358-BB0F-EA3D57A64775}
	EndGlobalSection
EndGlobal
